{"format_version":"1.2","terraform_version":"1.13.0","variables":{"env":{"value":"dev"},"home_region":{"value":"us-east-1"},"trail_name":{"value":"org-secure-multiregion-trail"}},"planned_values":{"outputs":{"kms_key_arn":{"sensitive":false},"s3_bucket":{"sensitive":false,"type":"string","value":"cloudtrail-logs-958006149724-us-east-1-dev"},"trail_arn":{"sensitive":false}},"root_module":{"resources":[{"address":"aws_cloudtrail.this","mode":"managed","type":"aws_cloudtrail","name":"this","provider_name":"registry.terraform.io/hashicorp/aws","schema_version":1,"values":{"advanced_event_selector":[],"cloud_watch_logs_group_arn":null,"cloud_watch_logs_role_arn":null,"enable_log_file_validation":true,"enable_logging":true,"event_selector":[{"data_resource":[],"exclude_management_event_sources":null,"include_management_events":true,"read_write_type":"All"}],"include_global_service_events":true,"insight_selector":[],"is_multi_region_trail":true,"is_organization_trail":false,"name":"org-secure-multiregion-trail","region":"us-east-1","s3_key_prefix":null,"sns_topic_name":null,"tags":{"Name":"org-secure-multiregion-trail","env":"prod","owner":"security"},"tags_all":{"Name":"org-secure-multiregion-trail","env":"prod","owner":"security"}},"sensitive_values":{"advanced_event_selector":[],"event_selector":[{"data_resource":[]}],"insight_selector":[],"tags":{},"tags_all":{}},"identity_schema_version":0,"identity":{"arn":null}},{"address":"aws_kms_alias.cloudtrail","mode":"managed","type":"aws_kms_alias","name":"cloudtrail","provider_name":"registry.terraform.io/hashicorp/aws","schema_version":0,"values":{"name":"alias/org-secure-multiregion-trail","region":"us-east-1"},"sensitive_values":{},"identity_schema_version":0,"identity":{"account_id":null,"name":null,"region":null}},{"address":"aws_kms_key.cloudtrail","mode":"managed","type":"aws_kms_key","name":"cloudtrail","provider_name":"registry.terraform.io/hashicorp/aws","schema_version":0,"values":{"bypass_policy_lockout_safety_check":false,"custom_key_store_id":null,"customer_master_key_spec":"SYMMETRIC_DEFAULT","deletion_window_in_days":30,"description":"KMS key for CloudTrail log SSE-KMS","enable_key_rotation":true,"is_enabled":true,"key_usage":"ENCRYPT_DECRYPT","policy":"{\"Statement\":[{\"Action\":\"kms:*\",\"Effect\":\"Allow\",\"Principal\":{\"AWS\":\"arn:aws:iam::958006149724:role/CloudSecurityAdmin\"},\"Resource\":\"*\",\"Sid\":\"EnableSecurityAdminPermissions\"},{\"Action\":[\"kms:GenerateDataKey*\",\"kms:Decrypt\"],\"Condition\":{\"StringEquals\":{\"aws:SourceArn\":\"arn:aws:cloudtrail:us-east-1:958006149724:trail/org-secure-multiregion-trail\"},\"StringLike\":{\"kms:EncryptionContext:aws:cloudtrail:arn\":\"arn:aws:cloudtrail:*:958006149724:trail/org-secure-multiregion-trail\"}},\"Effect\":\"Allow\",\"Principal\":{\"Service\":\"cloudtrail.amazonaws.com\"},\"Resource\":\"*\",\"Sid\":\"AllowCloudTrailUseOfTheKey\"}],\"Version\":\"2012-10-17\"}","region":"us-east-1","tags":{"Name":"org-secure-multiregion-trail-kms"},"tags_all":{"Name":"org-secure-multiregion-trail-kms"},"timeouts":null,"xks_key_id":null},"sensitive_values":{"tags":{},"tags_all":{}},"identity_schema_version":0,"identity":{"account_id":null,"id":null,"region":null}},{"address":"aws_s3_bucket.cloudtrail","mode":"managed","type":"aws_s3_bucket","name":"cloudtrail","provider_name":"registry.terraform.io/hashicorp/aws","schema_version":0,"values":{"bucket":"cloudtrail-logs-958006149724-us-east-1-dev","force_destroy":false,"region":"us-east-1","tags":{"Name":"org-secure-multiregion-trail","data_classification":"internal","env":"prod","owner":"security"},"tags_all":{"Name":"org-secure-multiregion-trail","data_classification":"internal","env":"prod","owner":"security"},"timeouts":null},"sensitive_values":{"cors_rule":[],"grant":[],"lifecycle_rule":[],"logging":[],"object_lock_configuration":[],"replication_configuration":[],"server_side_encryption_configuration":[],"tags":{},"tags_all":{},"versioning":[],"website":[]},"identity_schema_version":0,"identity":{"account_id":null,"bucket":null,"region":null}},{"address":"aws_s3_bucket_policy.cloudtrail","mode":"managed","type":"aws_s3_bucket_policy","name":"cloudtrail","provider_name":"registry.terraform.io/hashicorp/aws","schema_version":0,"values":{"region":"us-east-1"},"sensitive_values":{},"identity_schema_version":0,"identity":{"account_id":null,"bucket":null,"region":null}},{"address":"aws_s3_bucket_public_access_block.cloudtrail","mode":"managed","type":"aws_s3_bucket_public_access_block","name":"cloudtrail","provider_name":"registry.terraform.io/hashicorp/aws","schema_version":0,"values":{"block_public_acls":true,"block_public_policy":true,"ignore_public_acls":true,"region":"us-east-1","restrict_public_buckets":true,"skip_destroy":null},"sensitive_values":{},"identity_schema_version":0,"identity":{"account_id":null,"bucket":null,"region":null}},{"address":"aws_s3_bucket_server_side_encryption_configuration.cloudtrail","mode":"managed","type":"aws_s3_bucket_server_side_encryption_configuration","name":"cloudtrail","provider_name":"registry.terraform.io/hashicorp/aws","schema_version":0,"values":{"expected_bucket_owner":null,"region":"us-east-1","rule":[{"apply_server_side_encryption_by_default":[{"kms_master_key_id":"","sse_algorithm":"AES256"}],"bucket_key_enabled":null}]},"sensitive_values":{"rule":[{"apply_server_side_encryption_by_default":[{}]}]},"identity_schema_version":0,"identity":{"account_id":null,"bucket":null,"expected_bucket_owner":null,"region":null}},{"address":"aws_s3_bucket_versioning.cloudtrail","mode":"managed","type":"aws_s3_bucket_versioning","name":"cloudtrail","provider_name":"registry.terraform.io/hashicorp/aws","schema_version":0,"values":{"expected_bucket_owner":null,"mfa":null,"region":"us-east-1","versioning_configuration":[{"status":"Enabled"}]},"sensitive_values":{"versioning_configuration":[{}]},"identity_schema_version":0,"identity":{"account_id":null,"bucket":null,"expected_bucket_owner":null,"region":null}}]}},"resource_changes":[{"address":"aws_cloudtrail.this","mode":"managed","type":"aws_cloudtrail","name":"this","provider_name":"registry.terraform.io/hashicorp/aws","change":{"actions":["create"],"before":null,"after":{"advanced_event_selector":[],"cloud_watch_logs_group_arn":null,"cloud_watch_logs_role_arn":null,"enable_log_file_validation":true,"enable_logging":true,"event_selector":[{"data_resource":[],"exclude_management_event_sources":null,"include_management_events":true,"read_write_type":"All"}],"include_global_service_events":true,"insight_selector":[],"is_multi_region_trail":true,"is_organization_trail":false,"name":"org-secure-multiregion-trail","region":"us-east-1","s3_key_prefix":null,"sns_topic_name":null,"tags":{"Name":"org-secure-multiregion-trail","env":"prod","owner":"security"},"tags_all":{"Name":"org-secure-multiregion-trail","env":"prod","owner":"security"}},"after_unknown":{"advanced_event_selector":[],"arn":true,"event_selector":[{"data_resource":[]}],"home_region":true,"id":true,"insight_selector":[],"kms_key_id":true,"s3_bucket_name":true,"sns_topic_arn":true,"tags":{},"tags_all":{}},"before_sensitive":false,"after_sensitive":{"advanced_event_selector":[],"event_selector":[{"data_resource":[]}],"insight_selector":[],"tags":{},"tags_all":{}},"after_identity":{"arn":null}}},{"address":"aws_kms_alias.cloudtrail","mode":"managed","type":"aws_kms_alias","name":"cloudtrail","provider_name":"registry.terraform.io/hashicorp/aws","change":{"actions":["create"],"before":null,"after":{"name":"alias/org-secure-multiregion-trail","region":"us-east-1"},"after_unknown":{"arn":true,"id":true,"name_prefix":true,"target_key_arn":true,"target_key_id":true},"before_sensitive":false,"after_sensitive":{},"after_identity":{"account_id":null,"name":null,"region":null}}},{"address":"aws_kms_key.cloudtrail","mode":"managed","type":"aws_kms_key","name":"cloudtrail","provider_name":"registry.terraform.io/hashicorp/aws","change":{"actions":["create"],"before":null,"after":{"bypass_policy_lockout_safety_check":false,"custom_key_store_id":null,"customer_master_key_spec":"SYMMETRIC_DEFAULT","deletion_window_in_days":30,"description":"KMS key for CloudTrail log SSE-KMS","enable_key_rotation":true,"is_enabled":true,"key_usage":"ENCRYPT_DECRYPT","policy":"{\"Statement\":[{\"Action\":\"kms:*\",\"Effect\":\"Allow\",\"Principal\":{\"AWS\":\"arn:aws:iam::958006149724:role/CloudSecurityAdmin\"},\"Resource\":\"*\",\"Sid\":\"EnableSecurityAdminPermissions\"},{\"Action\":[\"kms:GenerateDataKey*\",\"kms:Decrypt\"],\"Condition\":{\"StringEquals\":{\"aws:SourceArn\":\"arn:aws:cloudtrail:us-east-1:958006149724:trail/org-secure-multiregion-trail\"},\"StringLike\":{\"kms:EncryptionContext:aws:cloudtrail:arn\":\"arn:aws:cloudtrail:*:958006149724:trail/org-secure-multiregion-trail\"}},\"Effect\":\"Allow\",\"Principal\":{\"Service\":\"cloudtrail.amazonaws.com\"},\"Resource\":\"*\",\"Sid\":\"AllowCloudTrailUseOfTheKey\"}],\"Version\":\"2012-10-17\"}","region":"us-east-1","tags":{"Name":"org-secure-multiregion-trail-kms"},"tags_all":{"Name":"org-secure-multiregion-trail-kms"},"timeouts":null,"xks_key_id":null},"after_unknown":{"arn":true,"id":true,"key_id":true,"multi_region":true,"rotation_period_in_days":true,"tags":{},"tags_all":{}},"before_sensitive":false,"after_sensitive":{"tags":{},"tags_all":{}},"after_identity":{"account_id":null,"id":null,"region":null}}},{"address":"aws_s3_bucket.cloudtrail","mode":"managed","type":"aws_s3_bucket","name":"cloudtrail","provider_name":"registry.terraform.io/hashicorp/aws","change":{"actions":["create"],"before":null,"after":{"bucket":"cloudtrail-logs-958006149724-us-east-1-dev","force_destroy":false,"region":"us-east-1","tags":{"Name":"org-secure-multiregion-trail","data_classification":"internal","env":"prod","owner":"security"},"tags_all":{"Name":"org-secure-multiregion-trail","data_classification":"internal","env":"prod","owner":"security"},"timeouts":null},"after_unknown":{"acceleration_status":true,"acl":true,"arn":true,"bucket_domain_name":true,"bucket_prefix":true,"bucket_region":true,"bucket_regional_domain_name":true,"cors_rule":true,"grant":true,"hosted_zone_id":true,"id":true,"lifecycle_rule":true,"logging":true,"object_lock_configuration":true,"object_lock_enabled":true,"policy":true,"replication_configuration":true,"request_payer":true,"server_side_encryption_configuration":true,"tags":{},"tags_all":{},"versioning":true,"website":true,"website_domain":true,"website_endpoint":true},"before_sensitive":false,"after_sensitive":{"cors_rule":[],"grant":[],"lifecycle_rule":[],"logging":[],"object_lock_configuration":[],"replication_configuration":[],"server_side_encryption_configuration":[],"tags":{},"tags_all":{},"versioning":[],"website":[]},"after_identity":{"account_id":null,"bucket":null,"region":null}}},{"address":"aws_s3_bucket_policy.cloudtrail","mode":"managed","type":"aws_s3_bucket_policy","name":"cloudtrail","provider_name":"registry.terraform.io/hashicorp/aws","change":{"actions":["create"],"before":null,"after":{"region":"us-east-1"},"after_unknown":{"bucket":true,"id":true,"policy":true},"before_sensitive":false,"after_sensitive":{},"after_identity":{"account_id":null,"bucket":null,"region":null}}},{"address":"aws_s3_bucket_public_access_block.cloudtrail","mode":"managed","type":"aws_s3_bucket_public_access_block","name":"cloudtrail","provider_name":"registry.terraform.io/hashicorp/aws","change":{"actions":["create"],"before":null,"after":{"block_public_acls":true,"block_public_policy":true,"ignore_public_acls":true,"region":"us-east-1","restrict_public_buckets":true,"skip_destroy":null},"after_unknown":{"bucket":true,"id":true},"before_sensitive":false,"after_sensitive":{},"after_identity":{"account_id":null,"bucket":null,"region":null}}},{"address":"aws_s3_bucket_server_side_encryption_configuration.cloudtrail","mode":"managed","type":"aws_s3_bucket_server_side_encryption_configuration","name":"cloudtrail","provider_name":"registry.terraform.io/hashicorp/aws","change":{"actions":["create"],"before":null,"after":{"expected_bucket_owner":null,"region":"us-east-1","rule":[{"apply_server_side_encryption_by_default":[{"kms_master_key_id":"","sse_algorithm":"AES256"}],"bucket_key_enabled":null}]},"after_unknown":{"bucket":true,"id":true,"rule":[{"apply_server_side_encryption_by_default":[{}]}]},"before_sensitive":false,"after_sensitive":{"rule":[{"apply_server_side_encryption_by_default":[{}]}]},"after_identity":{"account_id":null,"bucket":null,"expected_bucket_owner":null,"region":null}}},{"address":"aws_s3_bucket_versioning.cloudtrail","mode":"managed","type":"aws_s3_bucket_versioning","name":"cloudtrail","provider_name":"registry.terraform.io/hashicorp/aws","change":{"actions":["create"],"before":null,"after":{"expected_bucket_owner":null,"mfa":null,"region":"us-east-1","versioning_configuration":[{"status":"Enabled"}]},"after_unknown":{"bucket":true,"id":true,"versioning_configuration":[{"mfa_delete":true}]},"before_sensitive":false,"after_sensitive":{"versioning_configuration":[{}]},"after_identity":{"account_id":null,"bucket":null,"expected_bucket_owner":null,"region":null}}}],"output_changes":{"kms_key_arn":{"actions":["create"],"before":null,"after_unknown":true,"before_sensitive":false,"after_sensitive":false},"s3_bucket":{"actions":["create"],"before":null,"after":"cloudtrail-logs-958006149724-us-east-1-dev","after_unknown":false,"before_sensitive":false,"after_sensitive":false},"trail_arn":{"actions":["create"],"before":null,"after_unknown":true,"before_sensitive":false,"after_sensitive":false}},"prior_state":{"format_version":"1.0","terraform_version":"1.13.0","values":{"outputs":{"s3_bucket":{"sensitive":false,"value":"cloudtrail-logs-958006149724-us-east-1-dev","type":"string"}},"root_module":{"resources":[{"address":"data.aws_caller_identity.current","mode":"data","type":"aws_caller_identity","name":"current","provider_name":"registry.terraform.io/hashicorp/aws","schema_version":0,"values":{"account_id":"958006149724","arn":"arn:aws:iam::958006149724:user/amina_default","id":"958006149724","user_id":"AIDA56DM5YJOPLQQWX4XQ"},"sensitive_values":{}},{"address":"data.aws_region.current","mode":"data","type":"aws_region","name":"current","provider_name":"registry.terraform.io/hashicorp/aws","schema_version":0,"values":{"description":"US East (N. Virginia)","endpoint":"ec2.us-east-1.amazonaws.com","id":"us-east-1","name":"us-east-1","region":"us-east-1"},"sensitive_values":{}}]}}},"configuration":{"provider_config":{"aws":{"name":"aws","full_name":"registry.terraform.io/hashicorp/aws","version_constraint":"\u003e= 5.0.0","expressions":{"region":{"references":["var.home_region"]}}}},"root_module":{"outputs":{"kms_key_arn":{"expression":{"references":["aws_kms_key.cloudtrail.arn","aws_kms_key.cloudtrail"]}},"s3_bucket":{"expression":{"references":["aws_s3_bucket.cloudtrail.bucket","aws_s3_bucket.cloudtrail"]}},"trail_arn":{"expression":{"references":["aws_cloudtrail.this.arn","aws_cloudtrail.this"]}}},"resources":[{"address":"aws_cloudtrail.this","mode":"managed","type":"aws_cloudtrail","name":"this","provider_config_key":"aws","expressions":{"enable_log_file_validation":{"constant_value":true},"event_selector":[{"include_management_events":{"constant_value":true},"read_write_type":{"constant_value":"All"}}],"include_global_service_events":{"constant_value":true},"is_multi_region_trail":{"constant_value":true},"kms_key_id":{"references":["aws_kms_key.cloudtrail.arn","aws_kms_key.cloudtrail"]},"name":{"references":["var.trail_name"]},"s3_bucket_name":{"references":["aws_s3_bucket.cloudtrail.id","aws_s3_bucket.cloudtrail"]},"tags":{"references":["var.trail_name"]}},"schema_version":1,"depends_on":["aws_s3_bucket_policy.cloudtrail","aws_kms_key.cloudtrail"]},{"address":"aws_kms_alias.cloudtrail","mode":"managed","type":"aws_kms_alias","name":"cloudtrail","provider_config_key":"aws","expressions":{"name":{"references":["var.trail_name"]},"target_key_id":{"references":["aws_kms_key.cloudtrail.key_id","aws_kms_key.cloudtrail"]}},"schema_version":0},{"address":"aws_kms_key.cloudtrail","mode":"managed","type":"aws_kms_key","name":"cloudtrail","provider_config_key":"aws","expressions":{"deletion_window_in_days":{"constant_value":30},"description":{"constant_value":"KMS key for CloudTrail log SSE-KMS"},"enable_key_rotation":{"constant_value":true},"policy":{"references":["data.aws_caller_identity.current.account_id","data.aws_caller_identity.current","data.aws_caller_identity.current.account_id","data.aws_caller_identity.current","var.trail_name","var.home_region","data.aws_caller_identity.current.account_id","data.aws_caller_identity.current","var.trail_name"]},"tags":{"references":["var.trail_name"]}},"schema_version":0},{"address":"aws_s3_bucket.cloudtrail","mode":"managed","type":"aws_s3_bucket","name":"cloudtrail","provider_config_key":"aws","expressions":{"bucket":{"references":["local.cloudtrail_bucket_name"]},"force_destroy":{"constant_value":false},"tags":{"references":["var.trail_name"]}},"schema_version":0},{"address":"aws_s3_bucket_policy.cloudtrail","mode":"managed","type":"aws_s3_bucket_policy","name":"cloudtrail","provider_config_key":"aws","expressions":{"bucket":{"references":["aws_s3_bucket.cloudtrail.id","aws_s3_bucket.cloudtrail"]},"policy":{"references":["aws_s3_bucket.cloudtrail.arn","aws_s3_bucket.cloudtrail","aws_s3_bucket.cloudtrail.arn","aws_s3_bucket.cloudtrail","data.aws_caller_identity.current.account_id","data.aws_caller_identity.current","data.aws_caller_identity.current.account_id","data.aws_caller_identity.current","var.trail_name"]}},"schema_version":0},{"address":"aws_s3_bucket_public_access_block.cloudtrail","mode":"managed","type":"aws_s3_bucket_public_access_block","name":"cloudtrail","provider_config_key":"aws","expressions":{"block_public_acls":{"constant_value":true},"block_public_policy":{"constant_value":true},"bucket":{"references":["aws_s3_bucket.cloudtrail.id","aws_s3_bucket.cloudtrail"]},"ignore_public_acls":{"constant_value":true},"restrict_public_buckets":{"constant_value":true}},"schema_version":0},{"address":"aws_s3_bucket_server_side_encryption_configuration.cloudtrail","mode":"managed","type":"aws_s3_bucket_server_side_encryption_configuration","name":"cloudtrail","provider_config_key":"aws","expressions":{"bucket":{"references":["aws_s3_bucket.cloudtrail.id","aws_s3_bucket.cloudtrail"]},"rule":[{"apply_server_side_encryption_by_default":[{"sse_algorithm":{"constant_value":"AES256"}}]}]},"schema_version":0},{"address":"aws_s3_bucket_versioning.cloudtrail","mode":"managed","type":"aws_s3_bucket_versioning","name":"cloudtrail","provider_config_key":"aws","expressions":{"bucket":{"references":["aws_s3_bucket.cloudtrail.id","aws_s3_bucket.cloudtrail"]},"versioning_configuration":[{"status":{"constant_value":"Enabled"}}]},"schema_version":0},{"address":"data.aws_caller_identity.current","mode":"data","type":"aws_caller_identity","name":"current","provider_config_key":"aws","schema_version":0},{"address":"data.aws_region.current","mode":"data","type":"aws_region","name":"current","provider_config_key":"aws","schema_version":0}],"variables":{"env":{"default":"dev","description":"Environment name (dev, prod, etc.)"},"home_region":{"default":"us-east-1","description":"Region to create the multi-use tail resources"},"trail_name":{"default":"org-secure-multiregion-trail","description":"Region to create the multi-use tail resources"}}}},"relevant_attributes":[{"resource":"data.aws_caller_identity.current","attribute":["account_id"]},{"resource":"data.aws_region.current","attribute":["name"]},{"resource":"aws_kms_key.cloudtrail","attribute":["key_id"]},{"resource":"aws_kms_key.cloudtrail","attribute":["arn"]},{"resource":"aws_s3_bucket.cloudtrail","attribute":["arn"]},{"resource":"aws_s3_bucket.cloudtrail","attribute":["id"]},{"resource":"aws_cloudtrail.this","attribute":["arn"]},{"resource":"aws_s3_bucket.cloudtrail","attribute":["bucket"]}],"timestamp":"2025-09-07T13:16:22Z","applyable":true,"complete":true,"errored":false}
